
Microsoft Visual Studio Solution File, Format Version 12.00
# Visual Studio Version 17
VisualStudioVersion = 17.2.32516.85
MinimumVisualStudioVersion = 10.0.40219.1
Project("{F184B08F-C81C-45F6-A57F-5ABD9991F28F}") = "ContactTracingViewer", "ContactTracingViewer.vbproj", "{FB5F4282-578F-410D-A8F1-4F08564FDDF9}"
EndProject
Global
	GlobalSection(SolutionConfigurationPlatforms) = preSolution
		Debug|Any CPU = Debug|Any CPU
		Release|Any CPU = Release|Any CPU
	EndGlobalSection
	GlobalSection(ProjectConfigurationPlatforms) = postSolution
		{FB5F4282-578F-410D-A8F1-4F08564FDDF9}.Debug|Any CPU.ActiveCfg = Debug|Any CPU
		{FB5F4282-578F-410D-A8F1-4F08564FDDF9}.Debug|Any CPU.Build.0 = Debug|Any CPU
		{FB5F4282-578F-410D-A8F1-4F08564FDDF9}.Release|Any CPU.ActiveCfg = Release|Any CPU
		{FB5F4282-578F-410D-A8F1-4F08564FDDF9}.Release|Any CPU.Build.0 = Release|Any CPU
	EndGlobalSection
	GlobalSection(SolutionProperties) = preSolution
		HideSolutionNode = FALSE
	EndGlobalSection
	GlobalSection(ExtensibilityGlobals) = postSolution
		SolutionGuid = {B7ED724D-1AE2-4DEB-9D9C-ED1BFDA5C63D}
	EndGlobalSection
EndGlobal
